
Microsoft Visual Studio Solution File, Format Version 12.00
# Visual Studio 15
Project("{FAE04EC0-301F-11D3-BF4B-00C04F79EFBC}") = "ControlFlow", "ControlFlow\ControlFlow.csproj", "{71000FB4-A04F-49D0-899E-5323C4B397BA}"
EndProject
Global
	GlobalSection(SolutionConfigurationPlatforms) = preSolution
		Debug|Any CPU = Debug|Any CPU
		Release|Any CPU = Release|Any CPU
	EndGlobalSection
	GlobalSection(ProjectConfigurationPlatforms) = postSolution
		{71000FB4-A04F-49D0-899E-5323C4B397BA}.Debug|Any CPU.ActiveCfg = Debug|Any CPU
		{71000FB4-A04F-49D0-899E-5323C4B397BA}.Debug|Any CPU.Build.0 = Debug|Any CPU
		{71000FB4-A04F-49D0-899E-5323C4B397BA}.Release|Any CPU.ActiveCfg = Release|Any CPU
		{71000FB4-A04F-49D0-899E-5323C4B397BA}.Release|Any CPU.Build.0 = Release|Any CPU
	EndGlobalSection
EndGlobal
